// !$*UTF8*$!
{
	archiveVersion = 1;
	classes = {
	};
	objectVersion = 52;
	objects = {

/* Begin PBXBuildFile section */
		974DD94426FC692F00B1FEEF /* AppDelegate.swift in Sources */ = {isa = PBXBuildFile; fileRef = 974DD94326FC692F00B1FEEF /* AppDelegate.swift */; };
		974DD94626FC692F00B1FEEF /* SceneDelegate.swift in Sources */ = {isa = PBXBuildFile; fileRef = 974DD94526FC692F00B1FEEF /* SceneDelegate.swift */; };
		974DD94826FC692F00B1FEEF /* ContentView.swift in Sources */ = {isa = PBXBuildFile; fileRef = 974DD94726FC692F00B1FEEF /* ContentView.swift */; };
		974DD94A26FC693100B1FEEF /* Assets.xcassets in Resources */ = {isa = PBXBuildFile; fileRef = 974DD94926FC693100B1FEEF /* Assets.xcassets */; };
		974DD94D26FC693100B1FEEF /* Preview Assets.xcassets in Resources */ = {isa = PBXBuildFile; fileRef = 974DD94C26FC693100B1FEEF /* Preview Assets.xcassets */; };
		974DD95026FC693100B1FEEF /* LaunchScreen.storyboard in Resources */ = {isa = PBXBuildFile; fileRef = 974DD94E26FC693100B1FEEF /* LaunchScreen.storyboard */; };
		974DD95926FC6AF300B1FEEF /* Alamofire in Frameworks */ = {isa = PBXBuildFile; productRef = 974DD95826FC6AF300B1FEEF /* Alamofire */; };
		974DD95B26FC6CC000B1FEEF /* NetworkManager.swift in Sources */ = {isa = PBXBuildFile; fileRef = 974DD95A26FC6CC000B1FEEF /* NetworkManager.swift */; };
		974DD95D26FC6D2800B1FEEF /* Response.swift in Sources */ = {isa = PBXBuildFile; fileRef = 974DD95C26FC6D2800B1FEEF /* Response.swift */; };
		974DD96226FC6E0300B1FEEF /* ObjectMapper in Frameworks */ = {isa = PBXBuildFile; productRef = 974DD96126FC6E0300B1FEEF /* ObjectMapper */; };
/* End PBXBuildFile section */

/* Begin PBXFileReference section */
		974DD94026FC692F00B1FEEF /* DogFacto.app */ = {isa = PBXFileReference; explicitFileType = wrapper.application; includeInIndex = 0; path = DogFacto.app; sourceTree = BUILT_PRODUCTS_DIR; };
		974DD94326FC692F00B1FEEF /* AppDelegate.swift */ = {isa = PBXFileReference; lastKnownFileType = sourcecode.swift; path = AppDelegate.swift; sourceTree = "<group>"; };
		974DD94526FC692F00B1FEEF /* SceneDelegate.swift */ = {isa = PBXFileReference; lastKnownFileType = sourcecode.swift; path = SceneDelegate.swift; sourceTree = "<group>"; };
		974DD94726FC692F00B1FEEF /* ContentView.swift */ = {isa = PBXFileReference; lastKnownFileType = sourcecode.swift; path = ContentView.swift; sourceTree = "<group>"; };
		974DD94926FC693100B1FEEF /* Assets.xcassets */ = {isa = PBXFileReference; lastKnownFileType = folder.assetcatalog; path = Assets.xcassets; sourceTree = "<group>"; };
		974DD94C26FC693100B1FEEF /* Preview Assets.xcassets */ = {isa = PBXFileReference; lastKnownFileType = folder.assetcatalog; path = "Preview Assets.xcassets"; sourceTree = "<group>"; };
		974DD94F26FC693100B1FEEF /* Base */ = {isa = PBXFileReference; lastKnownFileType = file.storyboard; name = Base; path = Base.lproj/LaunchScreen.storyboard; sourceTree = "<group>"; };
		974DD95126FC693100B1FEEF /* Info.plist */ = {isa = PBXFileReference; lastKnownFileType = text.plist.xml; path = Info.plist; sourceTree = "<group>"; };
		974DD95A26FC6CC000B1FEEF /* NetworkManager.swift */ = {isa = PBXFileReference; lastKnownFileType = sourcecode.swift; path = NetworkManager.swift; sourceTree = "<group>"; };
		974DD95C26FC6D2800B1FEEF /* Response.swift */ = {isa = PBXFileReference; lastKnownFileType = sourcecode.swift; path = Response.swift; sourceTree = "<group>"; };
/* End PBXFileReference section */

/* Begin PBXFrameworksBuildPhase section */
		974DD93D26FC692F00B1FEEF /* Frameworks */ = {
			isa = PBXFrameworksBuildPhase;
			buildActionMask = 2147483647;
			files = (
				974DD96226FC6E0300B1FEEF /* ObjectMapper in Frameworks */,
				974DD95926FC6AF300B1FEEF /* Alamofire in Frameworks */,
			);
			runOnlyForDeploymentPostprocessing = 0;
		};
/* End PBXFrameworksBuildPhase section */

/* Begin PBXGroup section */
		974DD93726FC692F00B1FEEF = {
			isa = PBXGroup;
			children = (
				974DD94226FC692F00B1FEEF /* DogFacto */,
				974DD94126FC692F00B1FEEF /* Products */,
			);
			sourceTree = "<group>";
		};
		974DD94126FC692F00B1FEEF /* Products */ = {
			isa = PBXGroup;
			children = (
				974DD94026FC692F00B1FEEF /* DogFacto.app */,
			);
			name = Products;
			sourceTree = "<group>";
		};
		974DD94226FC692F00B1FEEF /* DogFacto */ = {
			isa = PBXGroup;
			children = (
				974DD94326FC692F00B1FEEF /* AppDelegate.swift */,
				974DD94526FC692F00B1FEEF /* SceneDelegate.swift */,
				974DD96426FC708600B1FEEF /* Services */,
				974DD96326FC708000B1FEEF /* Model */,
				974DD96526FC708F00B1FEEF /* Views */,
				974DD94926FC693100B1FEEF /* Assets.xcassets */,
				974DD94E26FC693100B1FEEF /* LaunchScreen.storyboard */,
				974DD95126FC693100B1FEEF /* Info.plist */,
				974DD94B26FC693100B1FEEF /* Preview Content */,
			);
			path = DogFacto;
			sourceTree = "<group>";
		};
		974DD94B26FC693100B1FEEF /* Preview Content */ = {
			isa = PBXGroup;
			children = (
				974DD94C26FC693100B1FEEF /* Preview Assets.xcassets */,
			);
			path = "Preview Content";
			sourceTree = "<group>";
		};
		974DD96326FC708000B1FEEF /* Model */ = {
			isa = PBXGroup;
			children = (
				974DD95C26FC6D2800B1FEEF /* Response.swift */,
			);
			path = Model;
			sourceTree = "<group>";
		};
		974DD96426FC708600B1FEEF /* Services */ = {
			isa = PBXGroup;
			children = (
				974DD95A26FC6CC000B1FEEF /* NetworkManager.swift */,
			);
			path = Services;
			sourceTree = "<group>";
		};
		974DD96526FC708F00B1FEEF /* Views */ = {
			isa = PBXGroup;
			children = (
				974DD94726FC692F00B1FEEF /* ContentView.swift */,
			);
			path = Views;
			sourceTree = "<group>";
		};
/* End PBXGroup section */

/* Begin PBXNativeTarget section */
		974DD93F26FC692F00B1FEEF /* DogFacto */ = {
			isa = PBXNativeTarget;
			buildConfigurationList = 974DD95426FC693100B1FEEF /* Build configuration list for PBXNativeTarget "DogFacto" */;
			buildPhases = (
				974DD93C26FC692F00B1FEEF /* Sources */,
				974DD93D26FC692F00B1FEEF /* Frameworks */,
				974DD93E26FC692F00B1FEEF /* Resources */,
			);
			buildRules = (
			);
			dependencies = (
			);
			name = DogFacto;
			packageProductDependencies = (
				974DD95826FC6AF300B1FEEF /* Alamofire */,
				974DD96126FC6E0300B1FEEF /* ObjectMapper */,
			);
			productName = DogFacto;
			productReference = 974DD94026FC692F00B1FEEF /* DogFacto.app */;
			productType = "com.apple.product-type.application";
		};
/* End PBXNativeTarget section */

/* Begin PBXProject section */
		974DD93826FC692F00B1FEEF /* Project object */ = {
			isa = PBXProject;
			attributes = {
				LastSwiftUpdateCheck = 1250;
				LastUpgradeCheck = 1250;
				TargetAttributes = {
					974DD93F26FC692F00B1FEEF = {
						CreatedOnToolsVersion = 12.5.1;
					};
				};
			};
			buildConfigurationList = 974DD93B26FC692F00B1FEEF /* Build configuration list for PBXProject "DogFacto" */;
			compatibilityVersion = "Xcode 9.3";
			developmentRegion = en;
			hasScannedForEncodings = 0;
			knownRegions = (
				en,
				Base,
			);
			mainGroup = 974DD93726FC692F00B1FEEF;
			packageReferences = (
				974DD95726FC6AF300B1FEEF /* XCRemoteSwiftPackageReference "Alamofire" */,
				974DD96026FC6E0300B1FEEF /* XCRemoteSwiftPackageReference "ObjectMapper" */,
			);
			productRefGroup = 974DD94126FC692F00B1FEEF /* Products */;
			projectDirPath = "";
			projectRoot = "";
			targets = (
				974DD93F26FC692F00B1FEEF /* DogFacto */,
			);
		};
/* End PBXProject section */

/* Begin PBXResourcesBuildPhase section */
		974DD93E26FC692F00B1FEEF /* Resources */ = {
			isa = PBXResourcesBuildPhase;
			buildActionMask = 2147483647;
			files = (
				974DD95026FC693100B1FEEF /* LaunchScreen.storyboard in Resources */,
				974DD94D26FC693100B1FEEF /* Preview Assets.xcassets in Resources */,
				974DD94A26FC693100B1FEEF /* Assets.xcassets in Resources */,
			);
			runOnlyForDeploymentPostprocessing = 0;
		};
/* End PBXResourcesBuildPhase section */

/* Begin PBXSourcesBuildPhase section */
		974DD93C26FC692F00B1FEEF /* Sources */ = {
			isa = PBXSourcesBuildPhase;
			buildActionMask = 2147483647;
			files = (
				974DD95B26FC6CC000B1FEEF /* NetworkManager.swift in Sources */,
				974DD94426FC692F00B1FEEF /* AppDelegate.swift in Sources */,
				974DD94626FC692F00B1FEEF /* SceneDelegate.swift in Sources */,
				974DD94826FC692F00B1FEEF /* ContentView.swift in Sources */,
				974DD95D26FC6D2800B1FEEF /* Response.swift in Sources */,
			);
			runOnlyForDeploymentPostprocessing = 0;
		};
/* End PBXSourcesBuildPhase section */

/* Begin PBXVariantGroup section */
		974DD94E26FC693100B1FEEF /* LaunchScreen.storyboard */ = {
			isa = PBXVariantGroup;
			children = (
				974DD94F26FC693100B1FEEF /* Base */,
			);
			name = LaunchScreen.storyboard;
			sourceTree = "<group>";
		};
/* End PBXVariantGroup section */

/* Begin XCBuildConfiguration section */
		974DD95226FC693100B1FEEF /* Debug */ = {
			isa = XCBuildConfiguration;
			buildSettings = {
				ALWAYS_SEARCH_USER_PATHS = NO;
				CLANG_ANALYZER_NONNULL = YES;
				CLANG_ANALYZER_NUMBER_OBJECT_CONVERSION = YES_AGGRESSIVE;
				CLANG_CXX_LANGUAGE_STANDARD = "gnu++14";
				CLANG_CXX_LIBRARY = "libc++";
				CLANG_ENABLE_MODULES = YES;
				CLANG_ENABLE_OBJC_ARC = YES;
				CLANG_ENABLE_OBJC_WEAK = YES;
				CLANG_WARN_BLOCK_CAPTURE_AUTORELEASING = YES;
				CLANG_WARN_BOOL_CONVERSION = YES;
				CLANG_WARN_COMMA = YES;
				CLANG_WARN_CONSTANT_CONVERSION = YES;
				CLANG_WARN_DEPRECATED_OBJC_IMPLEMENTATIONS = YES;
				CLANG_WARN_DIRECT_OBJC_ISA_USAGE = YES_ERROR;
				CLANG_WARN_DOCUMENTATION_COMMENTS = YES;
				CLANG_WARN_EMPTY_BODY = YES;
				CLANG_WARN_ENUM_CONVERSION = YES;
				CLANG_WARN_INFINITE_RECURSION = YES;
				CLANG_WARN_INT_CONVERSION = YES;
				CLANG_WARN_NON_LITERAL_NULL_CONVERSION = YES;
				CLANG_WARN_OBJC_IMPLICIT_RETAIN_SELF = YES;
				CLANG_WARN_OBJC_LITERAL_CONVERSION = YES;
				CLANG_WARN_OBJC_ROOT_CLASS = YES_ERROR;
				CLANG_WARN_QUOTED_INCLUDE_IN_FRAMEWORK_HEADER = YES;
				CLANG_WARN_RANGE_LOOP_ANALYSIS = YES;
				CLANG_WARN_STRICT_PROTOTYPES = YES;
				CLANG_WARN_SUSPICIOUS_MOVE = YES;
				CLANG_WARN_UNGUARDED_AVAILABILITY = YES_AGGRESSIVE;
				CLANG_WARN_UNREACHABLE_CODE = YES;
				CLANG_WARN__DUPLICATE_METHOD_MATCH = YES;
				COPY_PHASE_STRIP = NO;
				DEBUG_INFORMATION_FORMAT = dwarf;
				ENABLE_STRICT_OBJC_MSGSEND = YES;
				ENABLE_TESTABILITY = YES;
				GCC_C_LANGUAGE_STANDARD = gnu11;
				GCC_DYNAMIC_NO_PIC = NO;
				GCC_NO_COMMON_BLOCKS = YES;
				GCC_OPTIMIZATION_LEVEL = 0;
				GCC_PREPROCESSOR_DEFINITIONS = (
					"DEBUG=1",
					"$(inherited)",
				);
				GCC_WARN_64_TO_32_BIT_CONVERSION = YES;
				GCC_WARN_ABOUT_RETURN_TYPE = YES_ERROR;
				GCC_WARN_UNDECLARED_SELECTOR = YES;
				GCC_WARN_UNINITIALIZED_AUTOS = YES_AGGRESSIVE;
				GCC_WARN_UNUSED_FUNCTION = YES;
				GCC_WARN_UNUSED_VARIABLE = YES;
				IPHONEOS_DEPLOYMENT_TARGET = 14.5;
				MTL_ENABLE_DEBUG_INFO = INCLUDE_SOURCE;
				MTL_FAST_MATH = YES;
				ONLY_ACTIVE_ARCH = YES;
				SDKROOT = iphoneos;
				SWIFT_ACTIVE_COMPILATION_CONDITIONS = DEBUG;
				SWIFT_OPTIMIZATION_LEVEL = "-Onone";
			};
			name = Debug;
		};
		974DD95326FC693100B1FEEF /* Release */ = {
			isa = XCBuildConfiguration;
			buildSettings = {
				ALWAYS_SEARCH_USER_PATHS = NO;
				CLANG_ANALYZER_NONNULL = YES;
				CLANG_ANALYZER_NUMBER_OBJECT_CONVERSION = YES_AGGRESSIVE;
				CLANG_CXX_LANGUAGE_STANDARD = "gnu++14";
				CLANG_CXX_LIBRARY = "libc++";
				CLANG_ENABLE_MODULES = YES;
				CLANG_ENABLE_OBJC_ARC = YES;
				CLANG_ENABLE_OBJC_WEAK = YES;
				CLANG_WARN_BLOCK_CAPTURE_AUTORELEASING = YES;
				CLANG_WARN_BOOL_CONVERSION = YES;
				CLANG_WARN_COMMA = YES;
				CLANG_WARN_CONSTANT_CONVERSION = YES;
				CLANG_WARN_DEPRECATED_OBJC_IMPLEMENTATIONS = YES;
				CLANG_WARN_DIRECT_OBJC_ISA_USAGE = YES_ERROR;
				CLANG_WARN_DOCUMENTATION_COMMENTS = YES;
				CLANG_WARN_EMPTY_BODY = YES;
				CLANG_WARN_ENUM_CONVERSION = YES;
				CLANG_WARN_INFINITE_RECURSION = YES;
				CLANG_WARN_INT_CONVERSION = YES;
				CLANG_WARN_NON_LITERAL_NULL_CONVERSION = YES;
				CLANG_WARN_OBJC_IMPLICIT_RETAIN_SELF = YES;
				CLANG_WARN_OBJC_LITERAL_CONVERSION = YES;
				CLANG_WARN_OBJC_ROOT_CLASS = YES_ERROR;
				CLANG_WARN_QUOTED_INCLUDE_IN_FRAMEWORK_HEADER = YES;
				CLANG_WARN_RANGE_LOOP_ANALYSIS = YES;
				CLANG_WARN_STRICT_PROTOTYPES = YES;
				CLANG_WARN_SUSPICIOUS_MOVE = YES;
				CLANG_WARN_UNGUARDED_AVAILABILITY = YES_AGGRESSIVE;
				CLANG_WARN_UNREACHABLE_CODE = YES;
				CLANG_WARN__DUPLICATE_METHOD_MATCH = YES;
				COPY_PHASE_STRIP = NO;
				DEBUG_INFORMATION_FORMAT = "dwarf-with-dsym";
				ENABLE_NS_ASSERTIONS = NO;
				ENABLE_STRICT_OBJC_MSGSEND = YES;
				GCC_C_LANGUAGE_STANDARD = gnu11;
				GCC_NO_COMMON_BLOCKS = YES;
				GCC_WARN_64_TO_32_BIT_CONVERSION = YES;
				GCC_WARN_ABOUT_RETURN_TYPE = YES_ERROR;
				GCC_WARN_UNDECLARED_SELECTOR = YES;
				GCC_WARN_UNINITIALIZED_AUTOS = YES_AGGRESSIVE;
				GCC_WARN_UNUSED_FUNCTION = YES;
				GCC_WARN_UNUSED_VARIABLE = YES;
				IPHONEOS_DEPLOYMENT_TARGET = 14.5;
				MTL_ENABLE_DEBUG_INFO = NO;
				MTL_FAST_MATH = YES;
				SDKROOT = iphoneos;
				SWIFT_COMPILATION_MODE = wholemodule;
				SWIFT_OPTIMIZATION_LEVEL = "-O";
				VALIDATE_PRODUCT = YES;
			};
			name = Release;
		};
		974DD95526FC693100B1FEEF /* Debug */ = {
			isa = XCBuildConfiguration;
			buildSettings = {
				ASSETCATALOG_COMPILER_APPICON_NAME = AppIcon;
				ASSETCATALOG_COMPILER_GLOBAL_ACCENT_COLOR_NAME = AccentColor;
				CODE_SIGN_STYLE = Automatic;
				DEVELOPMENT_ASSET_PATHS = "\"DogFacto/Preview Content\"";
				DEVELOPMENT_TEAM = JRLN2U3V34;
				ENABLE_PREVIEWS = YES;
				INFOPLIST_FILE = DogFacto/Info.plist;
				LD_RUNPATH_SEARCH_PATHS = (
					"$(inherited)",
					"@executable_path/Frameworks",
				);
				PRODUCT_BUNDLE_IDENTIFIER = laukapc.DogFacto;
				PRODUCT_NAME = "$(TARGET_NAME)";
				SWIFT_VERSION = 5.0;
				TARGETED_DEVICE_FAMILY = "1,2";
			};
			name = Debug;
		};
		974DD95626FC693100B1FEEF /* Release */ = {
			isa = XCBuildConfiguration;
			buildSettings = {
				ASSETCATALOG_COMPILER_APPICON_NAME = AppIcon;
				ASSETCATALOG_COMPILER_GLOBAL_ACCENT_COLOR_NAME = AccentColor;
				CODE_SIGN_STYLE = Automatic;
				DEVELOPMENT_ASSET_PATHS = "\"DogFacto/Preview Content\"";
				DEVELOPMENT_TEAM = JRLN2U3V34;
				ENABLE_PREVIEWS = YES;
				INFOPLIST_FILE = DogFacto/Info.plist;
				LD_RUNPATH_SEARCH_PATHS = (
					"$(inherited)",
					"@executable_path/Frameworks",
				);
				PRODUCT_BUNDLE_IDENTIFIER = laukapc.DogFacto;
				PRODUCT_NAME = "$(TARGET_NAME)";
				SWIFT_VERSION = 5.0;
				TARGETED_DEVICE_FAMILY = "1,2";
			};
			name = Release;
		};
/* End XCBuildConfiguration section */

/* Begin XCConfigurationList section */
		974DD93B26FC692F00B1FEEF /* Build configuration list for PBXProject "DogFacto" */ = {
			isa = XCConfigurationList;
			buildConfigurations = (
				974DD95226FC693100B1FEEF /* Debug */,
				974DD95326FC693100B1FEEF /* Release */,
			);
			defaultConfigurationIsVisible = 0;
			defaultConfigurationName = Release;
		};
		974DD95426FC693100B1FEEF /* Build configuration list for PBXNativeTarget "DogFacto" */ = {
			isa = XCConfigurationList;
			buildConfigurations = (
				974DD95526FC693100B1FEEF /* Debug */,
				974DD95626FC693100B1FEEF /* Release */,
			);
			defaultConfigurationIsVisible = 0;
			defaultConfigurationName = Release;
		};
/* End XCConfigurationList section */

/* Begin XCRemoteSwiftPackageReference section */
		974DD95726FC6AF300B1FEEF /* XCRemoteSwiftPackageReference "Alamofire" */ = {
			isa = XCRemoteSwiftPackageReference;
			repositoryURL = "https://github.com/Alamofire/Alamofire.git";
			requirement = {
				kind = upToNextMajorVersion;
				minimumVersion = 5.4.4;
			};
		};
		974DD96026FC6E0300B1FEEF /* XCRemoteSwiftPackageReference "ObjectMapper" */ = {
			isa = XCRemoteSwiftPackageReference;
			repositoryURL = "https://github.com/tristanhimmelman/ObjectMapper";
			requirement = {
				kind = upToNextMajorVersion;
				minimumVersion = 4.2.0;
			};
		};
/* End XCRemoteSwiftPackageReference section */

/* Begin XCSwiftPackageProductDependency section */
		974DD95826FC6AF300B1FEEF /* Alamofire */ = {
			isa = XCSwiftPackageProductDependency;
			package = 974DD95726FC6AF300B1FEEF /* XCRemoteSwiftPackageReference "Alamofire" */;
			productName = Alamofire;
		};
		974DD96126FC6E0300B1FEEF /* ObjectMapper */ = {
			isa = XCSwiftPackageProductDependency;
			package = 974DD96026FC6E0300B1FEEF /* XCRemoteSwiftPackageReference "ObjectMapper" */;
			productName = ObjectMapper;
		};
/* End XCSwiftPackageProductDependency section */
	};
	rootObject = 974DD93826FC692F00B1FEEF /* Project object */;
}
